<?xml version="1.0" encoding="utf-8"?>
<Project ToolsVersion="4.0" xmlns="http://schemas.microsoft.com/developer/msbuild/2003">
  <ItemGroup>
    <Filter Include="源文件">
      <UniqueIdentifier>{4FC737F1-C7A5-4376-A066-2A32D752A2FF}</UniqueIdentifier>
      <Extensions>cpp;c;cc;cxx;def;odl;idl;hpj;bat;asm;asmx</Extensions>
    </Filter>
    <Filter Include="头文件">
      <UniqueIdentifier>{93995380-89BD-4b04-88EB-625FBE52EBFB}</UniqueIdentifier>
      <Extensions>h;hpp;hxx;hm;inl;inc;xsd</Extensions>
    </Filter>
    <Filter Include="资源文件">
      <UniqueIdentifier>{67DA6AB6-F800-4c08-8B7A-83BB121AAD01}</UniqueIdentifier>
      <Extensions>rc;ico;cur;bmp;dlg;rc2;rct;bin;rgs;gif;jpg;jpeg;jpe;resx;tiff;tif;png;wav;mfcribbon-ms</Extensions>
    </Filter>
  </ItemGroup>
  <ItemGroup>
    <None Include="ReadMe.txt" />
    <None Include="res\DMonitor.rc2">
      <Filter>资源文件</Filter>
    </None>
    <None Include="res\DMonitor.ico">
      <Filter>资源文件</Filter>
    </None>
    <None Include="res\Toolbar.bmp">
      <Filter>资源文件</Filter>
    </None>
    <None Include="res\toolbar1.bmp">
      <Filter>资源文件</Filter>
    </None>
    <None Include="json\src\json_internalarray.inl">
      <Filter>源文件</Filter>
    </None>
    <None Include="json\src\json_internalmap.inl">
      <Filter>源文件</Filter>
    </None>
    <None Include="json\src\json_valueiterator.inl">
      <Filter>源文件</Filter>
    </None>
    <None Include="json\src\sconscript">
      <Filter>源文件</Filter>
    </None>
  </ItemGroup>
  <ItemGroup>
    <ClInclude Include="stdafx.h">
      <Filter>头文件</Filter>
    </ClInclude>
    <ClInclude Include="targetver.h">
      <Filter>头文件</Filter>
    </ClInclude>
    <ClInclude Include="Resource.h">
      <Filter>头文件</Filter>
    </ClInclude>
    <ClInclude Include="PublicInterface.h">
      <Filter>头文件</Filter>
    </ClInclude>
    <ClInclude Include="PetroData.h">
      <Filter>头文件</Filter>
    </ClInclude>
    <ClInclude Include="DMonitor.h">
      <Filter>头文件</Filter>
    </ClInclude>
    <ClInclude Include="DMonitorDlg.h">
      <Filter>头文件</Filter>
    </ClInclude>
    <ClInclude Include="DMonitorView.h">
      <Filter>头文件</Filter>
    </ClInclude>
    <ClInclude Include="CommLayer.h">
      <Filter>头文件</Filter>
    </ClInclude>
    <ClInclude Include="SerialPort.h">
      <Filter>头文件</Filter>
    </ClInclude>
    <ClInclude Include="JobDlg.h">
      <Filter>头文件</Filter>
    </ClInclude>
    <ClInclude Include="DirTreeCtrl.h">
      <Filter>头文件</Filter>
    </ClInclude>
    <ClInclude Include="JobCopyDlg.h">
      <Filter>头文件</Filter>
    </ClInclude>
    <ClInclude Include="JobEditDlg.h">
      <Filter>头文件</Filter>
    </ClInclude>
    <ClInclude Include="JobEditDlgControl.h">
      <Filter>头文件</Filter>
    </ClInclude>
    <ClInclude Include="JobEditDlgCurve.h">
      <Filter>头文件</Filter>
    </ClInclude>
    <ClInclude Include="JobEditDlgOrigin.h">
      <Filter>头文件</Filter>
    </ClInclude>
    <ClInclude Include="JobEditDlgPower.h">
      <Filter>头文件</Filter>
    </ClInclude>
    <ClInclude Include="JobEditDlgTool.h">
      <Filter>头文件</Filter>
    </ClInclude>
    <ClInclude Include="json\src\json_batchallocator.h">
      <Filter>源文件</Filter>
    </ClInclude>
    <ClInclude Include="json\include\autolink.h">
      <Filter>头文件</Filter>
    </ClInclude>
    <ClInclude Include="json\include\config.h">
      <Filter>头文件</Filter>
    </ClInclude>
    <ClInclude Include="json\include\features.h">
      <Filter>头文件</Filter>
    </ClInclude>
    <ClInclude Include="json\include\forwards.h">
      <Filter>头文件</Filter>
    </ClInclude>
    <ClInclude Include="json\include\json.h">
      <Filter>头文件</Filter>
    </ClInclude>
    <ClInclude Include="json\include\reader.h">
      <Filter>头文件</Filter>
    </ClInclude>
    <ClInclude Include="json\include\value.h">
      <Filter>头文件</Filter>
    </ClInclude>
    <ClInclude Include="json\include\writer.h">
      <Filter>头文件</Filter>
    </ClInclude>
    <ClInclude Include="SortStringArray.h">
      <Filter>头文件</Filter>
    </ClInclude>
    <ClInclude Include="TestDlg.h">
      <Filter>头文件</Filter>
    </ClInclude>
    <ClInclude Include="WorkInfo.h">
      <Filter>头文件</Filter>
    </ClInclude>
    <ClInclude Include="tinystr.h">
      <Filter>头文件</Filter>
    </ClInclude>
    <ClInclude Include="tinyxml.h">
      <Filter>头文件</Filter>
    </ClInclude>
    <ClInclude Include="ColorButton.h">
      <Filter>头文件</Filter>
    </ClInclude>
    <ClInclude Include="ColorStatic.h">
      <Filter>头文件</Filter>
    </ClInclude>
    <ClInclude Include="WorkUnit.h">
      <Filter>头文件</Filter>
    </ClInclude>
    <ClInclude Include="DataTemp.h">
      <Filter>头文件</Filter>
    </ClInclude>
    <ClInclude Include="JobInfoDlg.h">
      <Filter>头文件</Filter>
    </ClInclude>
  </ItemGroup>
  <ItemGroup>
    <ClCompile Include="stdafx.cpp">
      <Filter>源文件</Filter>
    </ClCompile>
    <ClCompile Include="PetroData.cpp">
      <Filter>源文件</Filter>
    </ClCompile>
    <ClCompile Include="DMonitor.cpp">
      <Filter>源文件</Filter>
    </ClCompile>
    <ClCompile Include="DMonitorDlg.cpp">
      <Filter>源文件</Filter>
    </ClCompile>
    <ClCompile Include="DMonitorView.cpp">
      <Filter>源文件</Filter>
    </ClCompile>
    <ClCompile Include="CommLayer.cpp">
      <Filter>源文件</Filter>
    </ClCompile>
    <ClCompile Include="SerialPort.cpp">
      <Filter>源文件</Filter>
    </ClCompile>
    <ClCompile Include="JobDlg.cpp">
      <Filter>源文件</Filter>
    </ClCompile>
    <ClCompile Include="DirTreeCtrl.cpp">
      <Filter>源文件</Filter>
    </ClCompile>
    <ClCompile Include="JobCopyDlg.cpp">
      <Filter>源文件</Filter>
    </ClCompile>
    <ClCompile Include="JobEditDlg.cpp">
      <Filter>源文件</Filter>
    </ClCompile>
    <ClCompile Include="JobEditDlgControl.cpp">
      <Filter>源文件</Filter>
    </ClCompile>
    <ClCompile Include="JobEditDlgCurve.cpp">
      <Filter>源文件</Filter>
    </ClCompile>
    <ClCompile Include="JobEditDlgOrigin.cpp">
      <Filter>源文件</Filter>
    </ClCompile>
    <ClCompile Include="JobEditDlgPower.cpp">
      <Filter>源文件</Filter>
    </ClCompile>
    <ClCompile Include="JobEditDlgTool.cpp">
      <Filter>源文件</Filter>
    </ClCompile>
    <ClCompile Include="json\src\json_reader.cpp">
      <Filter>源文件</Filter>
    </ClCompile>
    <ClCompile Include="json\src\json_value.cpp">
      <Filter>源文件</Filter>
    </ClCompile>
    <ClCompile Include="json\src\json_writer.cpp">
      <Filter>源文件</Filter>
    </ClCompile>
    <ClCompile Include="SortStringArray.cpp">
      <Filter>源文件</Filter>
    </ClCompile>
    <ClCompile Include="TestDlg.cpp">
      <Filter>源文件</Filter>
    </ClCompile>
    <ClCompile Include="WorkInfo.cpp">
      <Filter>源文件</Filter>
    </ClCompile>
    <ClCompile Include="tinystr.cpp">
      <Filter>源文件</Filter>
    </ClCompile>
    <ClCompile Include="tinyxml.cpp">
      <Filter>源文件</Filter>
    </ClCompile>
    <ClCompile Include="tinyxmlerror.cpp">
      <Filter>源文件</Filter>
    </ClCompile>
    <ClCompile Include="tinyxmlparser.cpp">
      <Filter>源文件</Filter>
    </ClCompile>
    <ClCompile Include="ColorButton.cpp">
      <Filter>源文件</Filter>
    </ClCompile>
    <ClCompile Include="ColorStatic.cpp">
      <Filter>源文件</Filter>
    </ClCompile>
    <ClCompile Include="WorkUnit.cpp">
      <Filter>源文件</Filter>
    </ClCompile>
    <ClCompile Include="DataTemp.cpp">
      <Filter>源文件</Filter>
    </ClCompile>
    <ClCompile Include="JobInfoDlg.cpp">
      <Filter>源文件</Filter>
    </ClCompile>
  </ItemGroup>
  <ItemGroup>
    <ResourceCompile Include="DMonitor.rc">
      <Filter>资源文件</Filter>
    </ResourceCompile>
  </ItemGroup>
</Project>